
Microsoft Visual Studio Solution File, Format Version 12.00
# Visual Studio Version 17
VisualStudioVersion = 17.8.34322.80
MinimumVisualStudioVersion = 10.0.40219.1
Project("{FAE04EC0-301F-11D3-BF4B-00C04F79EFBC}") = "RTCServer", "RTCServer.csproj", "{DA460636-7E21-4AB2-8554-E500D465C23A}"
EndProject
Global
	GlobalSection(SolutionConfigurationPlatforms) = preSolution
		Debug|Any CPU = Debug|Any CPU
		Release|Any CPU = Release|Any CPU
	EndGlobalSection
	GlobalSection(ProjectConfigurationPlatforms) = postSolution
		{DA460636-7E21-4AB2-8554-E500D465C23A}.Debug|Any CPU.ActiveCfg = Debug|Any CPU
		{DA460636-7E21-4AB2-8554-E500D465C23A}.Debug|Any CPU.Build.0 = Debug|Any CPU
		{DA460636-7E21-4AB2-8554-E500D465C23A}.Release|Any CPU.ActiveCfg = Release|Any CPU
		{DA460636-7E21-4AB2-8554-E500D465C23A}.Release|Any CPU.Build.0 = Release|Any CPU
	EndGlobalSection
	GlobalSection(SolutionProperties) = preSolution
		HideSolutionNode = FALSE
	EndGlobalSection
	GlobalSection(ExtensibilityGlobals) = postSolution
		SolutionGuid = {7914CE59-BBCC-467D-842A-7588DF21C6EE}
	EndGlobalSection
EndGlobal
